// !$*UTF8*$!
{
	archiveVersion = 1;
	classes = {
	};
	objectVersion = 50;
	objects = {

/* Begin PBXBuildFile section */
		5B01277C2433E840008B41DE /* UIColor+Hex.swift in Sources */ = {isa = PBXBuildFile; fileRef = 5B01277B2433E83E008B41DE /* UIColor+Hex.swift */; };
		5B55A3802432042F007761BA /* AppDelegate.swift in Sources */ = {isa = PBXBuildFile; fileRef = 5B55A37F2432042F007761BA /* AppDelegate.swift */; };
		5B55A3822432042F007761BA /* SceneDelegate.swift in Sources */ = {isa = PBXBuildFile; fileRef = 5B55A3812432042F007761BA /* SceneDelegate.swift */; };
		5B55A3842432042F007761BA /* ViewController.swift in Sources */ = {isa = PBXBuildFile; fileRef = 5B55A3832432042F007761BA /* ViewController.swift */; };
		5B55A3872432042F007761BA /* Main.storyboard in Resources */ = {isa = PBXBuildFile; fileRef = 5B55A3852432042F007761BA /* Main.storyboard */; };
		5B55A3892432043B007761BA /* Assets.xcassets in Resources */ = {isa = PBXBuildFile; fileRef = 5B55A3882432043B007761BA /* Assets.xcassets */; };
		5B55A38C2432043B007761BA /* LaunchScreen.storyboard in Resources */ = {isa = PBXBuildFile; fileRef = 5B55A38A2432043B007761BA /* LaunchScreen.storyboard */; };
		5B55A3972432132B007761BA /* SeasonsCollectionViewCell.swift in Sources */ = {isa = PBXBuildFile; fileRef = 5B55A3962432132B007761BA /* SeasonsCollectionViewCell.swift */; };
		5B55A39924321C06007761BA /* MenuItem.swift in Sources */ = {isa = PBXBuildFile; fileRef = 5B55A39824321C06007761BA /* MenuItem.swift */; };
		5B7E03342433FD8A0094B55A /* String.swift in Sources */ = {isa = PBXBuildFile; fileRef = 5B7E03332433FD8A0094B55A /* String.swift */; };
		5B7E03382433FF810094B55A /* Localizable.strings in Resources */ = {isa = PBXBuildFile; fileRef = 5B7E033A2433FF810094B55A /* Localizable.strings */; };
		5BAA00172432638D007C8EAA /* ArcBoundView.swift in Sources */ = {isa = PBXBuildFile; fileRef = 5BAA00162432638D007C8EAA /* ArcBoundView.swift */; };
		5BD171E92434B749008883D3 /* Menu.swift in Sources */ = {isa = PBXBuildFile; fileRef = 5BD171E82434B749008883D3 /* Menu.swift */; };
/* End PBXBuildFile section */

/* Begin PBXFileReference section */
		5B01277B2433E83E008B41DE /* UIColor+Hex.swift */ = {isa = PBXFileReference; lastKnownFileType = sourcecode.swift; path = "UIColor+Hex.swift"; sourceTree = "<group>"; };
		5B55A37C2432042F007761BA /* Seasons.app */ = {isa = PBXFileReference; explicitFileType = wrapper.application; includeInIndex = 0; path = Seasons.app; sourceTree = BUILT_PRODUCTS_DIR; };
		5B55A37F2432042F007761BA /* AppDelegate.swift */ = {isa = PBXFileReference; lastKnownFileType = sourcecode.swift; path = AppDelegate.swift; sourceTree = "<group>"; };
		5B55A3812432042F007761BA /* SceneDelegate.swift */ = {isa = PBXFileReference; lastKnownFileType = sourcecode.swift; path = SceneDelegate.swift; sourceTree = "<group>"; };
		5B55A3832432042F007761BA /* ViewController.swift */ = {isa = PBXFileReference; lastKnownFileType = sourcecode.swift; path = ViewController.swift; sourceTree = "<group>"; };
		5B55A3862432042F007761BA /* Base */ = {isa = PBXFileReference; lastKnownFileType = file.storyboard; name = Base; path = Base.lproj/Main.storyboard; sourceTree = "<group>"; };
		5B55A3882432043B007761BA /* Assets.xcassets */ = {isa = PBXFileReference; lastKnownFileType = folder.assetcatalog; path = Assets.xcassets; sourceTree = "<group>"; };
		5B55A38B2432043B007761BA /* Base */ = {isa = PBXFileReference; lastKnownFileType = file.storyboard; name = Base; path = Base.lproj/LaunchScreen.storyboard; sourceTree = "<group>"; };
		5B55A38D2432043B007761BA /* Info.plist */ = {isa = PBXFileReference; lastKnownFileType = text.plist.xml; path = Info.plist; sourceTree = "<group>"; };
		5B55A3962432132B007761BA /* SeasonsCollectionViewCell.swift */ = {isa = PBXFileReference; lastKnownFileType = sourcecode.swift; path = SeasonsCollectionViewCell.swift; sourceTree = "<group>"; };
		5B55A39824321C06007761BA /* MenuItem.swift */ = {isa = PBXFileReference; lastKnownFileType = sourcecode.swift; path = MenuItem.swift; sourceTree = "<group>"; };
		5B7E032B2433F9760094B55A /* ru */ = {isa = PBXFileReference; lastKnownFileType = text.plist.strings; name = ru; path = ru.lproj/Main.strings; sourceTree = "<group>"; };
		5B7E032C2433F9760094B55A /* ru */ = {isa = PBXFileReference; lastKnownFileType = text.plist.strings; name = ru; path = ru.lproj/LaunchScreen.strings; sourceTree = "<group>"; };
		5B7E03332433FD8A0094B55A /* String.swift */ = {isa = PBXFileReference; lastKnownFileType = sourcecode.swift; path = String.swift; sourceTree = "<group>"; };
		5B7E03392433FF810094B55A /* ru */ = {isa = PBXFileReference; lastKnownFileType = text.plist.strings; name = ru; path = ru.lproj/Localizable.strings; sourceTree = "<group>"; };
		5B7E033B2433FF890094B55A /* en */ = {isa = PBXFileReference; lastKnownFileType = text.plist.strings; name = en; path = en.lproj/Localizable.strings; sourceTree = "<group>"; };
		5BAA00162432638D007C8EAA /* ArcBoundView.swift */ = {isa = PBXFileReference; lastKnownFileType = sourcecode.swift; path = ArcBoundView.swift; sourceTree = "<group>"; };
		5BD171E82434B749008883D3 /* Menu.swift */ = {isa = PBXFileReference; lastKnownFileType = sourcecode.swift; path = Menu.swift; sourceTree = "<group>"; };
/* End PBXFileReference section */

/* Begin PBXFrameworksBuildPhase section */
		5B55A3792432042F007761BA /* Frameworks */ = {
			isa = PBXFrameworksBuildPhase;
			buildActionMask = 2147483647;
			files = (
			);
			runOnlyForDeploymentPostprocessing = 0;
		};
/* End PBXFrameworksBuildPhase section */

/* Begin PBXGroup section */
		5B01277A2433E7FB008B41DE /* Extentions */ = {
			isa = PBXGroup;
			children = (
				5B01277B2433E83E008B41DE /* UIColor+Hex.swift */,
				5B7E03332433FD8A0094B55A /* String.swift */,
			);
			path = Extentions;
			sourceTree = "<group>";
		};
		5B55A3732432042F007761BA = {
			isa = PBXGroup;
			children = (
				5B55A37E2432042F007761BA /* Seasons */,
				5B55A37D2432042F007761BA /* Products */,
			);
			sourceTree = "<group>";
		};
		5B55A37D2432042F007761BA /* Products */ = {
			isa = PBXGroup;
			children = (
				5B55A37C2432042F007761BA /* Seasons.app */,
			);
			name = Products;
			sourceTree = "<group>";
		};
		5B55A37E2432042F007761BA /* Seasons */ = {
			isa = PBXGroup;
			children = (
				5B55A37F2432042F007761BA /* AppDelegate.swift */,
				5B55A3812432042F007761BA /* SceneDelegate.swift */,
				5B01277A2433E7FB008B41DE /* Extentions */,
				5B55A394243204AC007761BA /* Model */,
				5B55A395243204BA007761BA /* View */,
				5B55A39324320499007761BA /* Controller */,
				5B7E03352433FE410094B55A /* Resources */,
				5B55A3852432042F007761BA /* Main.storyboard */,
				5B55A38A2432043B007761BA /* LaunchScreen.storyboard */,
				5B55A38D2432043B007761BA /* Info.plist */,
			);
			path = Seasons;
			sourceTree = "<group>";
		};
		5B55A39324320499007761BA /* Controller */ = {
			isa = PBXGroup;
			children = (
				5B55A3832432042F007761BA /* ViewController.swift */,
			);
			path = Controller;
			sourceTree = "<group>";
		};
		5B55A394243204AC007761BA /* Model */ = {
			isa = PBXGroup;
			children = (
				5B55A39824321C06007761BA /* MenuItem.swift */,
				5BD171E82434B749008883D3 /* Menu.swift */,
			);
			path = Model;
			sourceTree = "<group>";
		};
		5B55A395243204BA007761BA /* View */ = {
			isa = PBXGroup;
			children = (
				5B55A3962432132B007761BA /* SeasonsCollectionViewCell.swift */,
				5BAA00162432638D007C8EAA /* ArcBoundView.swift */,
			);
			path = View;
			sourceTree = "<group>";
		};
		5B7E03352433FE410094B55A /* Resources */ = {
			isa = PBXGroup;
			children = (
				5B55A3882432043B007761BA /* Assets.xcassets */,
				5B7E033A2433FF810094B55A /* Localizable.strings */,
			);
			path = Resources;
			sourceTree = "<group>";
		};
/* End PBXGroup section */

/* Begin PBXNativeTarget section */
		5B55A37B2432042F007761BA /* Seasons */ = {
			isa = PBXNativeTarget;
			buildConfigurationList = 5B55A3902432043B007761BA /* Build configuration list for PBXNativeTarget "Seasons" */;
			buildPhases = (
				5B55A3782432042F007761BA /* Sources */,
				5B55A3792432042F007761BA /* Frameworks */,
				5B55A37A2432042F007761BA /* Resources */,
			);
			buildRules = (
			);
			dependencies = (
			);
			name = Seasons;
			productName = Seasons;
			productReference = 5B55A37C2432042F007761BA /* Seasons.app */;
			productType = "com.apple.product-type.application";
		};
/* End PBXNativeTarget section */

/* Begin PBXProject section */
		5B55A3742432042F007761BA /* Project object */ = {
			isa = PBXProject;
			attributes = {
				LastSwiftUpdateCheck = 1110;
				LastUpgradeCheck = 1110;
				ORGANIZATIONNAME = Tatsiana;
				TargetAttributes = {
					5B55A37B2432042F007761BA = {
						CreatedOnToolsVersion = 11.1;
					};
				};
			};
			buildConfigurationList = 5B55A3772432042F007761BA /* Build configuration list for PBXProject "Seasons" */;
			compatibilityVersion = "Xcode 9.3";
			developmentRegion = en;
			hasScannedForEncodings = 0;
			knownRegions = (
				en,
				Base,
				ru,
			);
			mainGroup = 5B55A3732432042F007761BA;
			productRefGroup = 5B55A37D2432042F007761BA /* Products */;
			projectDirPath = "";
			projectRoot = "";
			targets = (
				5B55A37B2432042F007761BA /* Seasons */,
			);
		};
/* End PBXProject section */

/* Begin PBXResourcesBuildPhase section */
		5B55A37A2432042F007761BA /* Resources */ = {
			isa = PBXResourcesBuildPhase;
			buildActionMask = 2147483647;
			files = (
				5B55A38C2432043B007761BA /* LaunchScreen.storyboard in Resources */,
				5B7E03382433FF810094B55A /* Localizable.strings in Resources */,
				5B55A3892432043B007761BA /* Assets.xcassets in Resources */,
				5B55A3872432042F007761BA /* Main.storyboard in Resources */,
			);
			runOnlyForDeploymentPostprocessing = 0;
		};
/* End PBXResourcesBuildPhase section */

/* Begin PBXSourcesBuildPhase section */
		5B55A3782432042F007761BA /* Sources */ = {
			isa = PBXSourcesBuildPhase;
			buildActionMask = 2147483647;
			files = (
				5B01277C2433E840008B41DE /* UIColor+Hex.swift in Sources */,
				5BAA00172432638D007C8EAA /* ArcBoundView.swift in Sources */,
				5B55A3842432042F007761BA /* ViewController.swift in Sources */,
				5B55A3972432132B007761BA /* SeasonsCollectionViewCell.swift in Sources */,
				5B55A3802432042F007761BA /* AppDelegate.swift in Sources */,
				5B55A3822432042F007761BA /* SceneDelegate.swift in Sources */,
				5BD171E92434B749008883D3 /* Menu.swift in Sources */,
				5B7E03342433FD8A0094B55A /* String.swift in Sources */,
				5B55A39924321C06007761BA /* MenuItem.swift in Sources */,
			);
			runOnlyForDeploymentPostprocessing = 0;
		};
/* End PBXSourcesBuildPhase section */

/* Begin PBXVariantGroup section */
		5B55A3852432042F007761BA /* Main.storyboard */ = {
			isa = PBXVariantGroup;
			children = (
				5B55A3862432042F007761BA /* Base */,
				5B7E032B2433F9760094B55A /* ru */,
			);
			name = Main.storyboard;
			sourceTree = "<group>";
		};
		5B55A38A2432043B007761BA /* LaunchScreen.storyboard */ = {
			isa = PBXVariantGroup;
			children = (
				5B55A38B2432043B007761BA /* Base */,
				5B7E032C2433F9760094B55A /* ru */,
			);
			name = LaunchScreen.storyboard;
			sourceTree = "<group>";
		};
		5B7E033A2433FF810094B55A /* Localizable.strings */ = {
			isa = PBXVariantGroup;
			children = (
				5B7E03392433FF810094B55A /* ru */,
				5B7E033B2433FF890094B55A /* en */,
			);
			name = Localizable.strings;
			sourceTree = "<group>";
		};
/* End PBXVariantGroup section */

/* Begin XCBuildConfiguration section */
		5B55A38E2432043B007761BA /* Debug */ = {
			isa = XCBuildConfiguration;
			buildSettings = {
				ALWAYS_SEARCH_USER_PATHS = NO;
				CLANG_ANALYZER_LOCALIZABILITY_NONLOCALIZED = YES;
				CLANG_ANALYZER_NONNULL = YES;
				CLANG_ANALYZER_NUMBER_OBJECT_CONVERSION = YES_AGGRESSIVE;
				CLANG_CXX_LANGUAGE_STANDARD = "gnu++14";
				CLANG_CXX_LIBRARY = "libc++";
				CLANG_ENABLE_MODULES = YES;
				CLANG_ENABLE_OBJC_ARC = YES;
				CLANG_ENABLE_OBJC_WEAK = YES;
				CLANG_WARN_BLOCK_CAPTURE_AUTORELEASING = YES;
				CLANG_WARN_BOOL_CONVERSION = YES;
				CLANG_WARN_COMMA = YES;
				CLANG_WARN_CONSTANT_CONVERSION = YES;
				CLANG_WARN_DEPRECATED_OBJC_IMPLEMENTATIONS = YES;
				CLANG_WARN_DIRECT_OBJC_ISA_USAGE = YES_ERROR;
				CLANG_WARN_DOCUMENTATION_COMMENTS = YES;
				CLANG_WARN_EMPTY_BODY = YES;
				CLANG_WARN_ENUM_CONVERSION = YES;
				CLANG_WARN_INFINITE_RECURSION = YES;
				CLANG_WARN_INT_CONVERSION = YES;
				CLANG_WARN_NON_LITERAL_NULL_CONVERSION = YES;
				CLANG_WARN_OBJC_IMPLICIT_RETAIN_SELF = YES;
				CLANG_WARN_OBJC_LITERAL_CONVERSION = YES;
				CLANG_WARN_OBJC_ROOT_CLASS = YES_ERROR;
				CLANG_WARN_RANGE_LOOP_ANALYSIS = YES;
				CLANG_WARN_STRICT_PROTOTYPES = YES;
				CLANG_WARN_SUSPICIOUS_MOVE = YES;
				CLANG_WARN_UNGUARDED_AVAILABILITY = YES_AGGRESSIVE;
				CLANG_WARN_UNREACHABLE_CODE = YES;
				CLANG_WARN__DUPLICATE_METHOD_MATCH = YES;
				COPY_PHASE_STRIP = NO;
				DEBUG_INFORMATION_FORMAT = dwarf;
				ENABLE_STRICT_OBJC_MSGSEND = YES;
				ENABLE_TESTABILITY = YES;
				GCC_C_LANGUAGE_STANDARD = gnu11;
				GCC_DYNAMIC_NO_PIC = NO;
				GCC_NO_COMMON_BLOCKS = YES;
				GCC_OPTIMIZATION_LEVEL = 0;
				GCC_PREPROCESSOR_DEFINITIONS = (
					"DEBUG=1",
					"$(inherited)",
				);
				GCC_WARN_64_TO_32_BIT_CONVERSION = YES;
				GCC_WARN_ABOUT_RETURN_TYPE = YES_ERROR;
				GCC_WARN_UNDECLARED_SELECTOR = YES;
				GCC_WARN_UNINITIALIZED_AUTOS = YES_AGGRESSIVE;
				GCC_WARN_UNUSED_FUNCTION = YES;
				GCC_WARN_UNUSED_VARIABLE = YES;
				IPHONEOS_DEPLOYMENT_TARGET = 13.1;
				MTL_ENABLE_DEBUG_INFO = INCLUDE_SOURCE;
				MTL_FAST_MATH = YES;
				ONLY_ACTIVE_ARCH = YES;
				SDKROOT = iphoneos;
				SWIFT_ACTIVE_COMPILATION_CONDITIONS = DEBUG;
				SWIFT_OPTIMIZATION_LEVEL = "-Onone";
			};
			name = Debug;
		};
		5B55A38F2432043B007761BA /* Release */ = {
			isa = XCBuildConfiguration;
			buildSettings = {
				ALWAYS_SEARCH_USER_PATHS = NO;
				CLANG_ANALYZER_LOCALIZABILITY_NONLOCALIZED = YES;
				CLANG_ANALYZER_NONNULL = YES;
				CLANG_ANALYZER_NUMBER_OBJECT_CONVERSION = YES_AGGRESSIVE;
				CLANG_CXX_LANGUAGE_STANDARD = "gnu++14";
				CLANG_CXX_LIBRARY = "libc++";
				CLANG_ENABLE_MODULES = YES;
				CLANG_ENABLE_OBJC_ARC = YES;
				CLANG_ENABLE_OBJC_WEAK = YES;
				CLANG_WARN_BLOCK_CAPTURE_AUTORELEASING = YES;
				CLANG_WARN_BOOL_CONVERSION = YES;
				CLANG_WARN_COMMA = YES;
				CLANG_WARN_CONSTANT_CONVERSION = YES;
				CLANG_WARN_DEPRECATED_OBJC_IMPLEMENTATIONS = YES;
				CLANG_WARN_DIRECT_OBJC_ISA_USAGE = YES_ERROR;
				CLANG_WARN_DOCUMENTATION_COMMENTS = YES;
				CLANG_WARN_EMPTY_BODY = YES;
				CLANG_WARN_ENUM_CONVERSION = YES;
				CLANG_WARN_INFINITE_RECURSION = YES;
				CLANG_WARN_INT_CONVERSION = YES;
				CLANG_WARN_NON_LITERAL_NULL_CONVERSION = YES;
				CLANG_WARN_OBJC_IMPLICIT_RETAIN_SELF = YES;
				CLANG_WARN_OBJC_LITERAL_CONVERSION = YES;
				CLANG_WARN_OBJC_ROOT_CLASS = YES_ERROR;
				CLANG_WARN_RANGE_LOOP_ANALYSIS = YES;
				CLANG_WARN_STRICT_PROTOTYPES = YES;
				CLANG_WARN_SUSPICIOUS_MOVE = YES;
				CLANG_WARN_UNGUARDED_AVAILABILITY = YES_AGGRESSIVE;
				CLANG_WARN_UNREACHABLE_CODE = YES;
				CLANG_WARN__DUPLICATE_METHOD_MATCH = YES;
				COPY_PHASE_STRIP = NO;
				DEBUG_INFORMATION_FORMAT = "dwarf-with-dsym";
				ENABLE_NS_ASSERTIONS = NO;
				ENABLE_STRICT_OBJC_MSGSEND = YES;
				GCC_C_LANGUAGE_STANDARD = gnu11;
				GCC_NO_COMMON_BLOCKS = YES;
				GCC_WARN_64_TO_32_BIT_CONVERSION = YES;
				GCC_WARN_ABOUT_RETURN_TYPE = YES_ERROR;
				GCC_WARN_UNDECLARED_SELECTOR = YES;
				GCC_WARN_UNINITIALIZED_AUTOS = YES_AGGRESSIVE;
				GCC_WARN_UNUSED_FUNCTION = YES;
				GCC_WARN_UNUSED_VARIABLE = YES;
				IPHONEOS_DEPLOYMENT_TARGET = 13.1;
				MTL_ENABLE_DEBUG_INFO = NO;
				MTL_FAST_MATH = YES;
				SDKROOT = iphoneos;
				SWIFT_COMPILATION_MODE = wholemodule;
				SWIFT_OPTIMIZATION_LEVEL = "-O";
				VALIDATE_PRODUCT = YES;
			};
			name = Release;
		};
		5B55A3912432043B007761BA /* Debug */ = {
			isa = XCBuildConfiguration;
			buildSettings = {
				ASSETCATALOG_COMPILER_APPICON_NAME = AppIcon;
				CODE_SIGN_STYLE = Automatic;
				DEVELOPMENT_TEAM = LVWAR2B4J4;
				INFOPLIST_FILE = Seasons/Info.plist;
				LD_RUNPATH_SEARCH_PATHS = (
					"$(inherited)",
					"@executable_path/Frameworks",
				);
				PRODUCT_BUNDLE_IDENTIFIER = lessonOne.Seasons;
				PRODUCT_NAME = "$(TARGET_NAME)";
				SWIFT_VERSION = 5.0;
				TARGETED_DEVICE_FAMILY = "1,2";
			};
			name = Debug;
		};
		5B55A3922432043B007761BA /* Release */ = {
			isa = XCBuildConfiguration;
			buildSettings = {
				ASSETCATALOG_COMPILER_APPICON_NAME = AppIcon;
				CODE_SIGN_STYLE = Automatic;
				DEVELOPMENT_TEAM = LVWAR2B4J4;
				INFOPLIST_FILE = Seasons/Info.plist;
				LD_RUNPATH_SEARCH_PATHS = (
					"$(inherited)",
					"@executable_path/Frameworks",
				);
				PRODUCT_BUNDLE_IDENTIFIER = lessonOne.Seasons;
				PRODUCT_NAME = "$(TARGET_NAME)";
				SWIFT_VERSION = 5.0;
				TARGETED_DEVICE_FAMILY = "1,2";
			};
			name = Release;
		};
/* End XCBuildConfiguration section */

/* Begin XCConfigurationList section */
		5B55A3772432042F007761BA /* Build configuration list for PBXProject "Seasons" */ = {
			isa = XCConfigurationList;
			buildConfigurations = (
				5B55A38E2432043B007761BA /* Debug */,
				5B55A38F2432043B007761BA /* Release */,
			);
			defaultConfigurationIsVisible = 0;
			defaultConfigurationName = Release;
		};
		5B55A3902432043B007761BA /* Build configuration list for PBXNativeTarget "Seasons" */ = {
			isa = XCConfigurationList;
			buildConfigurations = (
				5B55A3912432043B007761BA /* Debug */,
				5B55A3922432043B007761BA /* Release */,
			);
			defaultConfigurationIsVisible = 0;
			defaultConfigurationName = Release;
		};
/* End XCConfigurationList section */
	};
	rootObject = 5B55A3742432042F007761BA /* Project object */;
}
